// !$*UTF8*$!
{
	archiveVersion = 1;
	classes = {
	};
	objectVersion = 50;
	objects = {

/* Begin PBXBuildFile section */
		48255B9D2316490E009ED696 /* AppDelegate.swift in Sources */ = {isa = PBXBuildFile; fileRef = 48255B9C2316490E009ED696 /* AppDelegate.swift */; };
		48255BA423164910009ED696 /* Assets.xcassets in Resources */ = {isa = PBXBuildFile; fileRef = 48255BA323164910009ED696 /* Assets.xcassets */; };
		48255BA723164910009ED696 /* LaunchScreen.storyboard in Resources */ = {isa = PBXBuildFile; fileRef = 48255BA523164910009ED696 /* LaunchScreen.storyboard */; };
		48255BB223164910009ED696 /* AvengersARTests.swift in Sources */ = {isa = PBXBuildFile; fileRef = 48255BB123164910009ED696 /* AvengersARTests.swift */; };
		48255BBD23164910009ED696 /* AvengersARUITests.swift in Sources */ = {isa = PBXBuildFile; fileRef = 48255BBC23164910009ED696 /* AvengersARUITests.swift */; };
		48255BCD23164AB2009ED696 /* HomeViewController.swift in Sources */ = {isa = PBXBuildFile; fileRef = 48255BCC23164AB2009ED696 /* HomeViewController.swift */; };
		48255BCF23164AD0009ED696 /* HomeViewModel.swift in Sources */ = {isa = PBXBuildFile; fileRef = 48255BCE23164AD0009ED696 /* HomeViewModel.swift */; };
		48255BD123164AEB009ED696 /* AppCoordinator.swift in Sources */ = {isa = PBXBuildFile; fileRef = 48255BD023164AEB009ED696 /* AppCoordinator.swift */; };
		48255BD923164BB0009ED696 /* ActorViewController.swift in Sources */ = {isa = PBXBuildFile; fileRef = 48255BD823164BB0009ED696 /* ActorViewController.swift */; };
		48255BDB23164BE3009ED696 /* ActorCell.swift in Sources */ = {isa = PBXBuildFile; fileRef = 48255BDA23164BE3009ED696 /* ActorCell.swift */; };
		48255BDD23164C60009ED696 /* CachedImageView.swift in Sources */ = {isa = PBXBuildFile; fileRef = 48255BDC23164C60009ED696 /* CachedImageView.swift */; };
		48255BE023164F0B009ED696 /* NetworkService.swift in Sources */ = {isa = PBXBuildFile; fileRef = 48255BDF23164F0B009ED696 /* NetworkService.swift */; };
		48255BE323164F5A009ED696 /* Dictionary.swift in Sources */ = {isa = PBXBuildFile; fileRef = 48255BE223164F5A009ED696 /* Dictionary.swift */; };
		48255BE523164F62009ED696 /* URL.swift in Sources */ = {isa = PBXBuildFile; fileRef = 48255BE423164F62009ED696 /* URL.swift */; };
		48255BE823165021009ED696 /* Actor.swift in Sources */ = {isa = PBXBuildFile; fileRef = 48255BE723165021009ED696 /* Actor.swift */; };
		48255BEB2316509A009ED696 /* MovieService.swift in Sources */ = {isa = PBXBuildFile; fileRef = 48255BEA23165099009ED696 /* MovieService.swift */; };
		4825F8FB2316743600854FC8 /* Alertable.swift in Sources */ = {isa = PBXBuildFile; fileRef = 4825F8FA2316743600854FC8 /* Alertable.swift */; };
		4825F8FD231675A900854FC8 /* HeaderView.swift in Sources */ = {isa = PBXBuildFile; fileRef = 4825F8FC231675A900854FC8 /* HeaderView.swift */; };
		4825F9002316909600854FC8 /* Color.swift in Sources */ = {isa = PBXBuildFile; fileRef = 4825F8FF2316909600854FC8 /* Color.swift */; };
		4825F9042316A8B200854FC8 /* AgeNet.mlmodel in Sources */ = {isa = PBXBuildFile; fileRef = 4825F9022316A8B200854FC8 /* AgeNet.mlmodel */; };
		4825F9072316CFF700854FC8 /* UIImage.swift in Sources */ = {isa = PBXBuildFile; fileRef = 4825F9062316CFF700854FC8 /* UIImage.swift */; };
		4825F9092316D9E200854FC8 /* Avengers.mlmodel in Sources */ = {isa = PBXBuildFile; fileRef = 4825F9082316D9E200854FC8 /* Avengers.mlmodel */; };
		48CDA3512317C7ED00CF47AA /* ActorViewModel.swift in Sources */ = {isa = PBXBuildFile; fileRef = 48CDA3502317C7ED00CF47AA /* ActorViewModel.swift */; };
/* End PBXBuildFile section */

/* Begin PBXContainerItemProxy section */
		48255BAE23164910009ED696 /* PBXContainerItemProxy */ = {
			isa = PBXContainerItemProxy;
			containerPortal = 48255B912316490E009ED696 /* Project object */;
			proxyType = 1;
			remoteGlobalIDString = 48255B982316490E009ED696;
			remoteInfo = AvengersAR;
		};
		48255BB923164910009ED696 /* PBXContainerItemProxy */ = {
			isa = PBXContainerItemProxy;
			containerPortal = 48255B912316490E009ED696 /* Project object */;
			proxyType = 1;
			remoteGlobalIDString = 48255B982316490E009ED696;
			remoteInfo = AvengersAR;
		};
/* End PBXContainerItemProxy section */

/* Begin PBXFileReference section */
		48255B992316490E009ED696 /* AvengersAR.app */ = {isa = PBXFileReference; explicitFileType = wrapper.application; includeInIndex = 0; path = AvengersAR.app; sourceTree = BUILT_PRODUCTS_DIR; };
		48255B9C2316490E009ED696 /* AppDelegate.swift */ = {isa = PBXFileReference; lastKnownFileType = sourcecode.swift; path = AppDelegate.swift; sourceTree = "<group>"; };
		48255BA323164910009ED696 /* Assets.xcassets */ = {isa = PBXFileReference; lastKnownFileType = folder.assetcatalog; path = Assets.xcassets; sourceTree = "<group>"; };
		48255BA623164910009ED696 /* Base */ = {isa = PBXFileReference; lastKnownFileType = file.storyboard; name = Base; path = Base.lproj/LaunchScreen.storyboard; sourceTree = "<group>"; };
		48255BA823164910009ED696 /* Info.plist */ = {isa = PBXFileReference; lastKnownFileType = text.plist.xml; path = Info.plist; sourceTree = "<group>"; };
		48255BAD23164910009ED696 /* AvengersARTests.xctest */ = {isa = PBXFileReference; explicitFileType = wrapper.cfbundle; includeInIndex = 0; path = AvengersARTests.xctest; sourceTree = BUILT_PRODUCTS_DIR; };
		48255BB123164910009ED696 /* AvengersARTests.swift */ = {isa = PBXFileReference; lastKnownFileType = sourcecode.swift; path = AvengersARTests.swift; sourceTree = "<group>"; };
		48255BB323164910009ED696 /* Info.plist */ = {isa = PBXFileReference; lastKnownFileType = text.plist.xml; path = Info.plist; sourceTree = "<group>"; };
		48255BB823164910009ED696 /* AvengersARUITests.xctest */ = {isa = PBXFileReference; explicitFileType = wrapper.cfbundle; includeInIndex = 0; path = AvengersARUITests.xctest; sourceTree = BUILT_PRODUCTS_DIR; };
		48255BBC23164910009ED696 /* AvengersARUITests.swift */ = {isa = PBXFileReference; lastKnownFileType = sourcecode.swift; path = AvengersARUITests.swift; sourceTree = "<group>"; };
		48255BBE23164910009ED696 /* Info.plist */ = {isa = PBXFileReference; lastKnownFileType = text.plist.xml; path = Info.plist; sourceTree = "<group>"; };
		48255BCC23164AB2009ED696 /* HomeViewController.swift */ = {isa = PBXFileReference; lastKnownFileType = sourcecode.swift; path = HomeViewController.swift; sourceTree = "<group>"; };
		48255BCE23164AD0009ED696 /* HomeViewModel.swift */ = {isa = PBXFileReference; lastKnownFileType = sourcecode.swift; path = HomeViewModel.swift; sourceTree = "<group>"; };
		48255BD023164AEB009ED696 /* AppCoordinator.swift */ = {isa = PBXFileReference; lastKnownFileType = sourcecode.swift; path = AppCoordinator.swift; sourceTree = "<group>"; };
		48255BD823164BB0009ED696 /* ActorViewController.swift */ = {isa = PBXFileReference; lastKnownFileType = sourcecode.swift; path = ActorViewController.swift; sourceTree = "<group>"; };
		48255BDA23164BE3009ED696 /* ActorCell.swift */ = {isa = PBXFileReference; lastKnownFileType = sourcecode.swift; path = ActorCell.swift; sourceTree = "<group>"; };
		48255BDC23164C60009ED696 /* CachedImageView.swift */ = {isa = PBXFileReference; lastKnownFileType = sourcecode.swift; path = CachedImageView.swift; sourceTree = "<group>"; };
		48255BDF23164F0B009ED696 /* NetworkService.swift */ = {isa = PBXFileReference; lastKnownFileType = sourcecode.swift; path = NetworkService.swift; sourceTree = "<group>"; };
		48255BE223164F5A009ED696 /* Dictionary.swift */ = {isa = PBXFileReference; lastKnownFileType = sourcecode.swift; path = Dictionary.swift; sourceTree = "<group>"; };
		48255BE423164F62009ED696 /* URL.swift */ = {isa = PBXFileReference; lastKnownFileType = sourcecode.swift; path = URL.swift; sourceTree = "<group>"; };
		48255BE723165021009ED696 /* Actor.swift */ = {isa = PBXFileReference; lastKnownFileType = sourcecode.swift; path = Actor.swift; sourceTree = "<group>"; };
		48255BEA23165099009ED696 /* MovieService.swift */ = {isa = PBXFileReference; lastKnownFileType = sourcecode.swift; path = MovieService.swift; sourceTree = "<group>"; };
		4825F8FA2316743600854FC8 /* Alertable.swift */ = {isa = PBXFileReference; lastKnownFileType = sourcecode.swift; path = Alertable.swift; sourceTree = "<group>"; };
		4825F8FC231675A900854FC8 /* HeaderView.swift */ = {isa = PBXFileReference; lastKnownFileType = sourcecode.swift; path = HeaderView.swift; sourceTree = "<group>"; };
		4825F8FF2316909600854FC8 /* Color.swift */ = {isa = PBXFileReference; lastKnownFileType = sourcecode.swift; path = Color.swift; sourceTree = "<group>"; };
		4825F9022316A8B200854FC8 /* AgeNet.mlmodel */ = {isa = PBXFileReference; lastKnownFileType = file.mlmodel; name = AgeNet.mlmodel; path = ML/MLModels/AgeNet.mlmodel; sourceTree = SOURCE_ROOT; };
		4825F9062316CFF700854FC8 /* UIImage.swift */ = {isa = PBXFileReference; lastKnownFileType = sourcecode.swift; path = UIImage.swift; sourceTree = "<group>"; };
		4825F9082316D9E200854FC8 /* Avengers.mlmodel */ = {isa = PBXFileReference; lastKnownFileType = file.mlmodel; name = Avengers.mlmodel; path = ML/MLModels/Avengers.mlmodel; sourceTree = SOURCE_ROOT; };
		48CDA3502317C7ED00CF47AA /* ActorViewModel.swift */ = {isa = PBXFileReference; lastKnownFileType = sourcecode.swift; path = ActorViewModel.swift; sourceTree = "<group>"; };
/* End PBXFileReference section */

/* Begin PBXFrameworksBuildPhase section */
		48255B962316490E009ED696 /* Frameworks */ = {
			isa = PBXFrameworksBuildPhase;
			buildActionMask = 2147483647;
			files = (
			);
			runOnlyForDeploymentPostprocessing = 0;
		};
		48255BAA23164910009ED696 /* Frameworks */ = {
			isa = PBXFrameworksBuildPhase;
			buildActionMask = 2147483647;
			files = (
			);
			runOnlyForDeploymentPostprocessing = 0;
		};
		48255BB523164910009ED696 /* Frameworks */ = {
			isa = PBXFrameworksBuildPhase;
			buildActionMask = 2147483647;
			files = (
			);
			runOnlyForDeploymentPostprocessing = 0;
		};
/* End PBXFrameworksBuildPhase section */

/* Begin PBXGroup section */
		48255B902316490E009ED696 = {
			isa = PBXGroup;
			children = (
				48255B9B2316490E009ED696 /* AvengersAR */,
				48255BB023164910009ED696 /* AvengersARTests */,
				48255BBB23164910009ED696 /* AvengersARUITests */,
				48255B9A2316490E009ED696 /* Products */,
			);
			sourceTree = "<group>";
		};
		48255B9A2316490E009ED696 /* Products */ = {
			isa = PBXGroup;
			children = (
				48255B992316490E009ED696 /* AvengersAR.app */,
				48255BAD23164910009ED696 /* AvengersARTests.xctest */,
				48255BB823164910009ED696 /* AvengersARUITests.xctest */,
			);
			name = Products;
			sourceTree = "<group>";
		};
		48255B9B2316490E009ED696 /* AvengersAR */ = {
			isa = PBXGroup;
			children = (
				48255BCA23164A56009ED696 /* Main */,
				48255BCB23164A93009ED696 /* Home */,
				48255BD723164B92009ED696 /* Actor */,
				48255BE623165018009ED696 /* Models */,
				48255BE92316503B009ED696 /* Helpers */,
				48255BDE23164EF7009ED696 /* Services */,
				48255BE123164F47009ED696 /* Extensions */,
				4825F8FE2316907B00854FC8 /* Constants */,
				4825F9012316A88C00854FC8 /* ML */,
			);
			path = AvengersAR;
			sourceTree = "<group>";
		};
		48255BB023164910009ED696 /* AvengersARTests */ = {
			isa = PBXGroup;
			children = (
				48255BB123164910009ED696 /* AvengersARTests.swift */,
				48255BB323164910009ED696 /* Info.plist */,
			);
			path = AvengersARTests;
			sourceTree = "<group>";
		};
		48255BBB23164910009ED696 /* AvengersARUITests */ = {
			isa = PBXGroup;
			children = (
				48255BBC23164910009ED696 /* AvengersARUITests.swift */,
				48255BBE23164910009ED696 /* Info.plist */,
			);
			path = AvengersARUITests;
			sourceTree = "<group>";
		};
		48255BCA23164A56009ED696 /* Main */ = {
			isa = PBXGroup;
			children = (
				48255B9C2316490E009ED696 /* AppDelegate.swift */,
				48255BD023164AEB009ED696 /* AppCoordinator.swift */,
				48255BA323164910009ED696 /* Assets.xcassets */,
				48255BA523164910009ED696 /* LaunchScreen.storyboard */,
				48255BA823164910009ED696 /* Info.plist */,
			);
			path = Main;
			sourceTree = "<group>";
		};
		48255BCB23164A93009ED696 /* Home */ = {
			isa = PBXGroup;
			children = (
				48255BCE23164AD0009ED696 /* HomeViewModel.swift */,
				48255BCC23164AB2009ED696 /* HomeViewController.swift */,
				4825F8FC231675A900854FC8 /* HeaderView.swift */,
				48255BDA23164BE3009ED696 /* ActorCell.swift */,
			);
			path = Home;
			sourceTree = "<group>";
		};
		48255BD723164B92009ED696 /* Actor */ = {
			isa = PBXGroup;
			children = (
				48CDA3502317C7ED00CF47AA /* ActorViewModel.swift */,
				48255BD823164BB0009ED696 /* ActorViewController.swift */,
			);
			path = Actor;
			sourceTree = "<group>";
		};
		48255BDE23164EF7009ED696 /* Services */ = {
			isa = PBXGroup;
			children = (
				48255BEA23165099009ED696 /* MovieService.swift */,
				48255BDF23164F0B009ED696 /* NetworkService.swift */,
			);
			path = Services;
			sourceTree = "<group>";
		};
		48255BE123164F47009ED696 /* Extensions */ = {
			isa = PBXGroup;
			children = (
				48255BE223164F5A009ED696 /* Dictionary.swift */,
				48255BE423164F62009ED696 /* URL.swift */,
				4825F9062316CFF700854FC8 /* UIImage.swift */,
			);
			path = Extensions;
			sourceTree = "<group>";
		};
		48255BE623165018009ED696 /* Models */ = {
			isa = PBXGroup;
			children = (
				48255BE723165021009ED696 /* Actor.swift */,
			);
			path = Models;
			sourceTree = "<group>";
		};
		48255BE92316503B009ED696 /* Helpers */ = {
			isa = PBXGroup;
			children = (
				48255BDC23164C60009ED696 /* CachedImageView.swift */,
				4825F8FA2316743600854FC8 /* Alertable.swift */,
			);
			path = Helpers;
			sourceTree = "<group>";
		};
		4825F8FE2316907B00854FC8 /* Constants */ = {
			isa = PBXGroup;
			children = (
				4825F8FF2316909600854FC8 /* Color.swift */,
			);
			path = Constants;
			sourceTree = "<group>";
		};
		4825F9012316A88C00854FC8 /* ML */ = {
			isa = PBXGroup;
			children = (
				4825F9082316D9E200854FC8 /* Avengers.mlmodel */,
				4825F9022316A8B200854FC8 /* AgeNet.mlmodel */,
			);
			path = ML;
			sourceTree = "<group>";
		};
/* End PBXGroup section */

/* Begin PBXNativeTarget section */
		48255B982316490E009ED696 /* AvengersAR */ = {
			isa = PBXNativeTarget;
			buildConfigurationList = 48255BC123164910009ED696 /* Build configuration list for PBXNativeTarget "AvengersAR" */;
			buildPhases = (
				48255B952316490E009ED696 /* Sources */,
				48255B962316490E009ED696 /* Frameworks */,
				48255B972316490E009ED696 /* Resources */,
			);
			buildRules = (
			);
			dependencies = (
			);
			name = AvengersAR;
			productName = AvengersAR;
			productReference = 48255B992316490E009ED696 /* AvengersAR.app */;
			productType = "com.apple.product-type.application";
		};
		48255BAC23164910009ED696 /* AvengersARTests */ = {
			isa = PBXNativeTarget;
			buildConfigurationList = 48255BC423164910009ED696 /* Build configuration list for PBXNativeTarget "AvengersARTests" */;
			buildPhases = (
				48255BA923164910009ED696 /* Sources */,
				48255BAA23164910009ED696 /* Frameworks */,
				48255BAB23164910009ED696 /* Resources */,
			);
			buildRules = (
			);
			dependencies = (
				48255BAF23164910009ED696 /* PBXTargetDependency */,
			);
			name = AvengersARTests;
			productName = AvengersARTests;
			productReference = 48255BAD23164910009ED696 /* AvengersARTests.xctest */;
			productType = "com.apple.product-type.bundle.unit-test";
		};
		48255BB723164910009ED696 /* AvengersARUITests */ = {
			isa = PBXNativeTarget;
			buildConfigurationList = 48255BC723164910009ED696 /* Build configuration list for PBXNativeTarget "AvengersARUITests" */;
			buildPhases = (
				48255BB423164910009ED696 /* Sources */,
				48255BB523164910009ED696 /* Frameworks */,
				48255BB623164910009ED696 /* Resources */,
			);
			buildRules = (
			);
			dependencies = (
				48255BBA23164910009ED696 /* PBXTargetDependency */,
			);
			name = AvengersARUITests;
			productName = AvengersARUITests;
			productReference = 48255BB823164910009ED696 /* AvengersARUITests.xctest */;
			productType = "com.apple.product-type.bundle.ui-testing";
		};
/* End PBXNativeTarget section */

/* Begin PBXProject section */
		48255B912316490E009ED696 /* Project object */ = {
			isa = PBXProject;
			attributes = {
				LastSwiftUpdateCheck = 1030;
				LastUpgradeCheck = 1030;
				ORGANIZATIONNAME = "Tim Shim";
				TargetAttributes = {
					48255B982316490E009ED696 = {
						CreatedOnToolsVersion = 10.3;
					};
					48255BAC23164910009ED696 = {
						CreatedOnToolsVersion = 10.3;
						TestTargetID = 48255B982316490E009ED696;
					};
					48255BB723164910009ED696 = {
						CreatedOnToolsVersion = 10.3;
						TestTargetID = 48255B982316490E009ED696;
					};
				};
			};
			buildConfigurationList = 48255B942316490E009ED696 /* Build configuration list for PBXProject "AvengersAR" */;
			compatibilityVersion = "Xcode 9.3";
			developmentRegion = en;
			hasScannedForEncodings = 0;
			knownRegions = (
				en,
				Base,
			);
			mainGroup = 48255B902316490E009ED696;
			productRefGroup = 48255B9A2316490E009ED696 /* Products */;
			projectDirPath = "";
			projectRoot = "";
			targets = (
				48255B982316490E009ED696 /* AvengersAR */,
				48255BAC23164910009ED696 /* AvengersARTests */,
				48255BB723164910009ED696 /* AvengersARUITests */,
			);
		};
/* End PBXProject section */

/* Begin PBXResourcesBuildPhase section */
		48255B972316490E009ED696 /* Resources */ = {
			isa = PBXResourcesBuildPhase;
			buildActionMask = 2147483647;
			files = (
				48255BA723164910009ED696 /* LaunchScreen.storyboard in Resources */,
				48255BA423164910009ED696 /* Assets.xcassets in Resources */,
			);
			runOnlyForDeploymentPostprocessing = 0;
		};
		48255BAB23164910009ED696 /* Resources */ = {
			isa = PBXResourcesBuildPhase;
			buildActionMask = 2147483647;
			files = (
			);
			runOnlyForDeploymentPostprocessing = 0;
		};
		48255BB623164910009ED696 /* Resources */ = {
			isa = PBXResourcesBuildPhase;
			buildActionMask = 2147483647;
			files = (
			);
			runOnlyForDeploymentPostprocessing = 0;
		};
/* End PBXResourcesBuildPhase section */

/* Begin PBXSourcesBuildPhase section */
		48255B952316490E009ED696 /* Sources */ = {
			isa = PBXSourcesBuildPhase;
			buildActionMask = 2147483647;
			files = (
				48255BE023164F0B009ED696 /* NetworkService.swift in Sources */,
				4825F9072316CFF700854FC8 /* UIImage.swift in Sources */,
				48255BD123164AEB009ED696 /* AppCoordinator.swift in Sources */,
				48255B9D2316490E009ED696 /* AppDelegate.swift in Sources */,
				48255BCF23164AD0009ED696 /* HomeViewModel.swift in Sources */,
				4825F9002316909600854FC8 /* Color.swift in Sources */,
				48255BE823165021009ED696 /* Actor.swift in Sources */,
				48255BE323164F5A009ED696 /* Dictionary.swift in Sources */,
				48255BEB2316509A009ED696 /* MovieService.swift in Sources */,
				4825F9042316A8B200854FC8 /* AgeNet.mlmodel in Sources */,
				48255BDB23164BE3009ED696 /* ActorCell.swift in Sources */,
				48255BCD23164AB2009ED696 /* HomeViewController.swift in Sources */,
				4825F8FB2316743600854FC8 /* Alertable.swift in Sources */,
				48255BD923164BB0009ED696 /* ActorViewController.swift in Sources */,
				4825F9092316D9E200854FC8 /* Avengers.mlmodel in Sources */,
				48255BDD23164C60009ED696 /* CachedImageView.swift in Sources */,
				48CDA3512317C7ED00CF47AA /* ActorViewModel.swift in Sources */,
				48255BE523164F62009ED696 /* URL.swift in Sources */,
				4825F8FD231675A900854FC8 /* HeaderView.swift in Sources */,
			);
			runOnlyForDeploymentPostprocessing = 0;
		};
		48255BA923164910009ED696 /* Sources */ = {
			isa = PBXSourcesBuildPhase;
			buildActionMask = 2147483647;
			files = (
				48255BB223164910009ED696 /* AvengersARTests.swift in Sources */,
			);
			runOnlyForDeploymentPostprocessing = 0;
		};
		48255BB423164910009ED696 /* Sources */ = {
			isa = PBXSourcesBuildPhase;
			buildActionMask = 2147483647;
			files = (
				48255BBD23164910009ED696 /* AvengersARUITests.swift in Sources */,
			);
			runOnlyForDeploymentPostprocessing = 0;
		};
/* End PBXSourcesBuildPhase section */

/* Begin PBXTargetDependency section */
		48255BAF23164910009ED696 /* PBXTargetDependency */ = {
			isa = PBXTargetDependency;
			target = 48255B982316490E009ED696 /* AvengersAR */;
			targetProxy = 48255BAE23164910009ED696 /* PBXContainerItemProxy */;
		};
		48255BBA23164910009ED696 /* PBXTargetDependency */ = {
			isa = PBXTargetDependency;
			target = 48255B982316490E009ED696 /* AvengersAR */;
			targetProxy = 48255BB923164910009ED696 /* PBXContainerItemProxy */;
		};
/* End PBXTargetDependency section */

/* Begin PBXVariantGroup section */
		48255BA523164910009ED696 /* LaunchScreen.storyboard */ = {
			isa = PBXVariantGroup;
			children = (
				48255BA623164910009ED696 /* Base */,
			);
			name = LaunchScreen.storyboard;
			sourceTree = "<group>";
		};
/* End PBXVariantGroup section */

/* Begin XCBuildConfiguration section */
		48255BBF23164910009ED696 /* Debug */ = {
			isa = XCBuildConfiguration;
			buildSettings = {
				ALWAYS_SEARCH_USER_PATHS = NO;
				CLANG_ANALYZER_NONNULL = YES;
				CLANG_ANALYZER_NUMBER_OBJECT_CONVERSION = YES_AGGRESSIVE;
				CLANG_CXX_LANGUAGE_STANDARD = "gnu++14";
				CLANG_CXX_LIBRARY = "libc++";
				CLANG_ENABLE_MODULES = YES;
				CLANG_ENABLE_OBJC_ARC = YES;
				CLANG_ENABLE_OBJC_WEAK = YES;
				CLANG_WARN_BLOCK_CAPTURE_AUTORELEASING = YES;
				CLANG_WARN_BOOL_CONVERSION = YES;
				CLANG_WARN_COMMA = YES;
				CLANG_WARN_CONSTANT_CONVERSION = YES;
				CLANG_WARN_DEPRECATED_OBJC_IMPLEMENTATIONS = YES;
				CLANG_WARN_DIRECT_OBJC_ISA_USAGE = YES_ERROR;
				CLANG_WARN_DOCUMENTATION_COMMENTS = YES;
				CLANG_WARN_EMPTY_BODY = YES;
				CLANG_WARN_ENUM_CONVERSION = YES;
				CLANG_WARN_INFINITE_RECURSION = YES;
				CLANG_WARN_INT_CONVERSION = YES;
				CLANG_WARN_NON_LITERAL_NULL_CONVERSION = YES;
				CLANG_WARN_OBJC_IMPLICIT_RETAIN_SELF = YES;
				CLANG_WARN_OBJC_LITERAL_CONVERSION = YES;
				CLANG_WARN_OBJC_ROOT_CLASS = YES_ERROR;
				CLANG_WARN_RANGE_LOOP_ANALYSIS = YES;
				CLANG_WARN_STRICT_PROTOTYPES = YES;
				CLANG_WARN_SUSPICIOUS_MOVE = YES;
				CLANG_WARN_UNGUARDED_AVAILABILITY = YES_AGGRESSIVE;
				CLANG_WARN_UNREACHABLE_CODE = YES;
				CLANG_WARN__DUPLICATE_METHOD_MATCH = YES;
				CODE_SIGN_IDENTITY = "iPhone Developer";
				COPY_PHASE_STRIP = NO;
				DEBUG_INFORMATION_FORMAT = dwarf;
				ENABLE_STRICT_OBJC_MSGSEND = YES;
				ENABLE_TESTABILITY = YES;
				GCC_C_LANGUAGE_STANDARD = gnu11;
				GCC_DYNAMIC_NO_PIC = NO;
				GCC_NO_COMMON_BLOCKS = YES;
				GCC_OPTIMIZATION_LEVEL = 0;
				GCC_PREPROCESSOR_DEFINITIONS = (
					"DEBUG=1",
					"$(inherited)",
				);
				GCC_WARN_64_TO_32_BIT_CONVERSION = YES;
				GCC_WARN_ABOUT_RETURN_TYPE = YES_ERROR;
				GCC_WARN_UNDECLARED_SELECTOR = YES;
				GCC_WARN_UNINITIALIZED_AUTOS = YES_AGGRESSIVE;
				GCC_WARN_UNUSED_FUNCTION = YES;
				GCC_WARN_UNUSED_VARIABLE = YES;
				IPHONEOS_DEPLOYMENT_TARGET = 12.4;
				MTL_ENABLE_DEBUG_INFO = INCLUDE_SOURCE;
				MTL_FAST_MATH = YES;
				ONLY_ACTIVE_ARCH = YES;
				SDKROOT = iphoneos;
				SWIFT_ACTIVE_COMPILATION_CONDITIONS = DEBUG;
				SWIFT_OPTIMIZATION_LEVEL = "-Onone";
			};
			name = Debug;
		};
		48255BC023164910009ED696 /* Release */ = {
			isa = XCBuildConfiguration;
			buildSettings = {
				ALWAYS_SEARCH_USER_PATHS = NO;
				CLANG_ANALYZER_NONNULL = YES;
				CLANG_ANALYZER_NUMBER_OBJECT_CONVERSION = YES_AGGRESSIVE;
				CLANG_CXX_LANGUAGE_STANDARD = "gnu++14";
				CLANG_CXX_LIBRARY = "libc++";
				CLANG_ENABLE_MODULES = YES;
				CLANG_ENABLE_OBJC_ARC = YES;
				CLANG_ENABLE_OBJC_WEAK = YES;
				CLANG_WARN_BLOCK_CAPTURE_AUTORELEASING = YES;
				CLANG_WARN_BOOL_CONVERSION = YES;
				CLANG_WARN_COMMA = YES;
				CLANG_WARN_CONSTANT_CONVERSION = YES;
				CLANG_WARN_DEPRECATED_OBJC_IMPLEMENTATIONS = YES;
				CLANG_WARN_DIRECT_OBJC_ISA_USAGE = YES_ERROR;
				CLANG_WARN_DOCUMENTATION_COMMENTS = YES;
				CLANG_WARN_EMPTY_BODY = YES;
				CLANG_WARN_ENUM_CONVERSION = YES;
				CLANG_WARN_INFINITE_RECURSION = YES;
				CLANG_WARN_INT_CONVERSION = YES;
				CLANG_WARN_NON_LITERAL_NULL_CONVERSION = YES;
				CLANG_WARN_OBJC_IMPLICIT_RETAIN_SELF = YES;
				CLANG_WARN_OBJC_LITERAL_CONVERSION = YES;
				CLANG_WARN_OBJC_ROOT_CLASS = YES_ERROR;
				CLANG_WARN_RANGE_LOOP_ANALYSIS = YES;
				CLANG_WARN_STRICT_PROTOTYPES = YES;
				CLANG_WARN_SUSPICIOUS_MOVE = YES;
				CLANG_WARN_UNGUARDED_AVAILABILITY = YES_AGGRESSIVE;
				CLANG_WARN_UNREACHABLE_CODE = YES;
				CLANG_WARN__DUPLICATE_METHOD_MATCH = YES;
				CODE_SIGN_IDENTITY = "iPhone Developer";
				COPY_PHASE_STRIP = NO;
				DEBUG_INFORMATION_FORMAT = "dwarf-with-dsym";
				ENABLE_NS_ASSERTIONS = NO;
				ENABLE_STRICT_OBJC_MSGSEND = YES;
				GCC_C_LANGUAGE_STANDARD = gnu11;
				GCC_NO_COMMON_BLOCKS = YES;
				GCC_WARN_64_TO_32_BIT_CONVERSION = YES;
				GCC_WARN_ABOUT_RETURN_TYPE = YES_ERROR;
				GCC_WARN_UNDECLARED_SELECTOR = YES;
				GCC_WARN_UNINITIALIZED_AUTOS = YES_AGGRESSIVE;
				GCC_WARN_UNUSED_FUNCTION = YES;
				GCC_WARN_UNUSED_VARIABLE = YES;
				IPHONEOS_DEPLOYMENT_TARGET = 12.4;
				MTL_ENABLE_DEBUG_INFO = NO;
				MTL_FAST_MATH = YES;
				SDKROOT = iphoneos;
				SWIFT_COMPILATION_MODE = wholemodule;
				SWIFT_OPTIMIZATION_LEVEL = "-O";
				VALIDATE_PRODUCT = YES;
			};
			name = Release;
		};
		48255BC223164910009ED696 /* Debug */ = {
			isa = XCBuildConfiguration;
			buildSettings = {
				ASSETCATALOG_COMPILER_APPICON_NAME = AppIcon;
				CODE_SIGN_STYLE = Automatic;
				DEVELOPMENT_TEAM = QKNVPTRYEV;
				INFOPLIST_FILE = "$(SRCROOT)/AvengersAR/Main/Info.plist";
				LD_RUNPATH_SEARCH_PATHS = (
					"$(inherited)",
					"@executable_path/Frameworks",
				);
				PRODUCT_BUNDLE_IDENTIFIER = com.timshim.AvengersAR;
				PRODUCT_NAME = "$(TARGET_NAME)";
				SWIFT_VERSION = 5.0;
				TARGETED_DEVICE_FAMILY = "1,2";
			};
			name = Debug;
		};
		48255BC323164910009ED696 /* Release */ = {
			isa = XCBuildConfiguration;
			buildSettings = {
				ASSETCATALOG_COMPILER_APPICON_NAME = AppIcon;
				CODE_SIGN_STYLE = Automatic;
				DEVELOPMENT_TEAM = QKNVPTRYEV;
				INFOPLIST_FILE = "$(SRCROOT)/AvengersAR/Main/Info.plist";
				LD_RUNPATH_SEARCH_PATHS = (
					"$(inherited)",
					"@executable_path/Frameworks",
				);
				PRODUCT_BUNDLE_IDENTIFIER = com.timshim.AvengersAR;
				PRODUCT_NAME = "$(TARGET_NAME)";
				SWIFT_VERSION = 5.0;
				TARGETED_DEVICE_FAMILY = "1,2";
			};
			name = Release;
		};
		48255BC523164910009ED696 /* Debug */ = {
			isa = XCBuildConfiguration;
			buildSettings = {
				ALWAYS_EMBED_SWIFT_STANDARD_LIBRARIES = YES;
				BUNDLE_LOADER = "$(TEST_HOST)";
				CODE_SIGN_STYLE = Automatic;
				DEVELOPMENT_TEAM = QKNVPTRYEV;
				INFOPLIST_FILE = AvengersARTests/Info.plist;
				LD_RUNPATH_SEARCH_PATHS = (
					"$(inherited)",
					"@executable_path/Frameworks",
					"@loader_path/Frameworks",
				);
				PRODUCT_BUNDLE_IDENTIFIER = com.timshim.AvengersARTests;
				PRODUCT_NAME = "$(TARGET_NAME)";
				SWIFT_VERSION = 5.0;
				TARGETED_DEVICE_FAMILY = "1,2";
				TEST_HOST = "$(BUILT_PRODUCTS_DIR)/AvengersAR.app/AvengersAR";
			};
			name = Debug;
		};
		48255BC623164910009ED696 /* Release */ = {
			isa = XCBuildConfiguration;
			buildSettings = {
				ALWAYS_EMBED_SWIFT_STANDARD_LIBRARIES = YES;
				BUNDLE_LOADER = "$(TEST_HOST)";
				CODE_SIGN_STYLE = Automatic;
				DEVELOPMENT_TEAM = QKNVPTRYEV;
				INFOPLIST_FILE = AvengersARTests/Info.plist;
				LD_RUNPATH_SEARCH_PATHS = (
					"$(inherited)",
					"@executable_path/Frameworks",
					"@loader_path/Frameworks",
				);
				PRODUCT_BUNDLE_IDENTIFIER = com.timshim.AvengersARTests;
				PRODUCT_NAME = "$(TARGET_NAME)";
				SWIFT_VERSION = 5.0;
				TARGETED_DEVICE_FAMILY = "1,2";
				TEST_HOST = "$(BUILT_PRODUCTS_DIR)/AvengersAR.app/AvengersAR";
			};
			name = Release;
		};
		48255BC823164910009ED696 /* Debug */ = {
			isa = XCBuildConfiguration;
			buildSettings = {
				ALWAYS_EMBED_SWIFT_STANDARD_LIBRARIES = YES;
				CODE_SIGN_STYLE = Automatic;
				DEVELOPMENT_TEAM = QKNVPTRYEV;
				INFOPLIST_FILE = AvengersARUITests/Info.plist;
				LD_RUNPATH_SEARCH_PATHS = (
					"$(inherited)",
					"@executable_path/Frameworks",
					"@loader_path/Frameworks",
				);
				PRODUCT_BUNDLE_IDENTIFIER = com.timshim.AvengersARUITests;
				PRODUCT_NAME = "$(TARGET_NAME)";
				SWIFT_VERSION = 5.0;
				TARGETED_DEVICE_FAMILY = "1,2";
				TEST_TARGET_NAME = AvengersAR;
			};
			name = Debug;
		};
		48255BC923164910009ED696 /* Release */ = {
			isa = XCBuildConfiguration;
			buildSettings = {
				ALWAYS_EMBED_SWIFT_STANDARD_LIBRARIES = YES;
				CODE_SIGN_STYLE = Automatic;
				DEVELOPMENT_TEAM = QKNVPTRYEV;
				INFOPLIST_FILE = AvengersARUITests/Info.plist;
				LD_RUNPATH_SEARCH_PATHS = (
					"$(inherited)",
					"@executable_path/Frameworks",
					"@loader_path/Frameworks",
				);
				PRODUCT_BUNDLE_IDENTIFIER = com.timshim.AvengersARUITests;
				PRODUCT_NAME = "$(TARGET_NAME)";
				SWIFT_VERSION = 5.0;
				TARGETED_DEVICE_FAMILY = "1,2";
				TEST_TARGET_NAME = AvengersAR;
			};
			name = Release;
		};
/* End XCBuildConfiguration section */

/* Begin XCConfigurationList section */
		48255B942316490E009ED696 /* Build configuration list for PBXProject "AvengersAR" */ = {
			isa = XCConfigurationList;
			buildConfigurations = (
				48255BBF23164910009ED696 /* Debug */,
				48255BC023164910009ED696 /* Release */,
			);
			defaultConfigurationIsVisible = 0;
			defaultConfigurationName = Release;
		};
		48255BC123164910009ED696 /* Build configuration list for PBXNativeTarget "AvengersAR" */ = {
			isa = XCConfigurationList;
			buildConfigurations = (
				48255BC223164910009ED696 /* Debug */,
				48255BC323164910009ED696 /* Release */,
			);
			defaultConfigurationIsVisible = 0;
			defaultConfigurationName = Release;
		};
		48255BC423164910009ED696 /* Build configuration list for PBXNativeTarget "AvengersARTests" */ = {
			isa = XCConfigurationList;
			buildConfigurations = (
				48255BC523164910009ED696 /* Debug */,
				48255BC623164910009ED696 /* Release */,
			);
			defaultConfigurationIsVisible = 0;
			defaultConfigurationName = Release;
		};
		48255BC723164910009ED696 /* Build configuration list for PBXNativeTarget "AvengersARUITests" */ = {
			isa = XCConfigurationList;
			buildConfigurations = (
				48255BC823164910009ED696 /* Debug */,
				48255BC923164910009ED696 /* Release */,
			);
			defaultConfigurationIsVisible = 0;
			defaultConfigurationName = Release;
		};
/* End XCConfigurationList section */
	};
	rootObject = 48255B912316490E009ED696 /* Project object */;
}
